
Microsoft Visual Studio Solution File, Format Version 12.00
# Visual Studio 15
VisualStudioVersion = 15.0.27703.2035
MinimumVisualStudioVersion = 10.0.40219.1
Project("{FAE04EC0-301F-11D3-BF4B-00C04F79EFBC}") = "CrawlerGUI", "Crawler\CrawlerGUI.csproj", "{7715412E-B1EA-4831-9111-23A90EA0F530}"
EndProject
Project("{FAE04EC0-301F-11D3-BF4B-00C04F79EFBC}") = "CrawlerLib", "CrawlerLib\CrawlerLib.csproj", "{CC553B6D-68E9-4B3A-B288-ADBBB4B9099F}"
EndProject
Global
	GlobalSection(SolutionConfigurationPlatforms) = preSolution
		Debug|Any CPU = Debug|Any CPU
		Release|Any CPU = Release|Any CPU
	EndGlobalSection
	GlobalSection(ProjectConfigurationPlatforms) = postSolution
		{7715412E-B1EA-4831-9111-23A90EA0F530}.Debug|Any CPU.ActiveCfg = Debug|Any CPU
		{7715412E-B1EA-4831-9111-23A90EA0F530}.Debug|Any CPU.Build.0 = Debug|Any CPU
		{7715412E-B1EA-4831-9111-23A90EA0F530}.Release|Any CPU.ActiveCfg = Release|Any CPU
		{7715412E-B1EA-4831-9111-23A90EA0F530}.Release|Any CPU.Build.0 = Release|Any CPU
		{CC553B6D-68E9-4B3A-B288-ADBBB4B9099F}.Debug|Any CPU.ActiveCfg = Debug|Any CPU
		{CC553B6D-68E9-4B3A-B288-ADBBB4B9099F}.Debug|Any CPU.Build.0 = Debug|Any CPU
		{CC553B6D-68E9-4B3A-B288-ADBBB4B9099F}.Release|Any CPU.ActiveCfg = Release|Any CPU
		{CC553B6D-68E9-4B3A-B288-ADBBB4B9099F}.Release|Any CPU.Build.0 = Release|Any CPU
	EndGlobalSection
	GlobalSection(SolutionProperties) = preSolution
		HideSolutionNode = FALSE
	EndGlobalSection
	GlobalSection(ExtensibilityGlobals) = postSolution
		SolutionGuid = {9276B7E9-A0DB-4862-BF94-847AD94577BC}
	EndGlobalSection
EndGlobal
